// !$*UTF8*$!
{
	archiveVersion = 1;
	classes = {
	};
	objectVersion = 56;
	objects = {

/* Begin PBXBuildFile section */
		375FC9E42A02EAB80053068B /* Response.swift in Sources */ = {isa = PBXBuildFile; fileRef = 375FC9E32A02EAB80053068B /* Response.swift */; };
		3773F1592A03331900E76DDD /* VideoTableViewCell.swift in Sources */ = {isa = PBXBuildFile; fileRef = 3773F1582A03331900E76DDD /* VideoTableViewCell.swift */; };
		3773F1602A03405C00E76DDD /* CacheManager.swift in Sources */ = {isa = PBXBuildFile; fileRef = 3773F15F2A03405C00E76DDD /* CacheManager.swift */; };
		3773F1622A034F1800E76DDD /* DetailViewController.swift in Sources */ = {isa = PBXBuildFile; fileRef = 3773F1612A034F1800E76DDD /* DetailViewController.swift */; };
		37F8189C2A02255000929C96 /* AppDelegate.swift in Sources */ = {isa = PBXBuildFile; fileRef = 37F8189B2A02255000929C96 /* AppDelegate.swift */; };
		37F8189E2A02255000929C96 /* SceneDelegate.swift in Sources */ = {isa = PBXBuildFile; fileRef = 37F8189D2A02255000929C96 /* SceneDelegate.swift */; };
		37F818A02A02255000929C96 /* ViewController.swift in Sources */ = {isa = PBXBuildFile; fileRef = 37F8189F2A02255000929C96 /* ViewController.swift */; };
		37F818A32A02255000929C96 /* Main.storyboard in Resources */ = {isa = PBXBuildFile; fileRef = 37F818A12A02255000929C96 /* Main.storyboard */; };
		37F818A52A02255200929C96 /* Assets.xcassets in Resources */ = {isa = PBXBuildFile; fileRef = 37F818A42A02255200929C96 /* Assets.xcassets */; };
		37F818A82A02255200929C96 /* LaunchScreen.storyboard in Resources */ = {isa = PBXBuildFile; fileRef = 37F818A62A02255200929C96 /* LaunchScreen.storyboard */; };
		37F818B02A02265400929C96 /* Constants.swift in Sources */ = {isa = PBXBuildFile; fileRef = 37F818AF2A02265400929C96 /* Constants.swift */; };
		37F818B22A022B8700929C96 /* Video.swift in Sources */ = {isa = PBXBuildFile; fileRef = 37F818B12A022B8700929C96 /* Video.swift */; };
		37F818B42A022C0700929C96 /* Model.swift in Sources */ = {isa = PBXBuildFile; fileRef = 37F818B32A022C0700929C96 /* Model.swift */; };
		37F818B62A02357900929C96 /* ConstantsTemplate.swift in Sources */ = {isa = PBXBuildFile; fileRef = 37F818B52A02357900929C96 /* ConstantsTemplate.swift */; };
/* End PBXBuildFile section */

/* Begin PBXFileReference section */
		375FC9E32A02EAB80053068B /* Response.swift */ = {isa = PBXFileReference; lastKnownFileType = sourcecode.swift; path = Response.swift; sourceTree = "<group>"; };
		3773F1582A03331900E76DDD /* VideoTableViewCell.swift */ = {isa = PBXFileReference; lastKnownFileType = sourcecode.swift; path = VideoTableViewCell.swift; sourceTree = "<group>"; };
		3773F15F2A03405C00E76DDD /* CacheManager.swift */ = {isa = PBXFileReference; lastKnownFileType = sourcecode.swift; path = CacheManager.swift; sourceTree = "<group>"; };
		3773F1612A034F1800E76DDD /* DetailViewController.swift */ = {isa = PBXFileReference; lastKnownFileType = sourcecode.swift; path = DetailViewController.swift; sourceTree = "<group>"; };
		37F818982A02255000929C96 /* youtube-demo.app */ = {isa = PBXFileReference; explicitFileType = wrapper.application; includeInIndex = 0; path = "youtube-demo.app"; sourceTree = BUILT_PRODUCTS_DIR; };
		37F8189B2A02255000929C96 /* AppDelegate.swift */ = {isa = PBXFileReference; lastKnownFileType = sourcecode.swift; path = AppDelegate.swift; sourceTree = "<group>"; };
		37F8189D2A02255000929C96 /* SceneDelegate.swift */ = {isa = PBXFileReference; lastKnownFileType = sourcecode.swift; path = SceneDelegate.swift; sourceTree = "<group>"; };
		37F8189F2A02255000929C96 /* ViewController.swift */ = {isa = PBXFileReference; lastKnownFileType = sourcecode.swift; path = ViewController.swift; sourceTree = "<group>"; };
		37F818A22A02255000929C96 /* Base */ = {isa = PBXFileReference; lastKnownFileType = file.storyboard; name = Base; path = Base.lproj/Main.storyboard; sourceTree = "<group>"; };
		37F818A42A02255200929C96 /* Assets.xcassets */ = {isa = PBXFileReference; lastKnownFileType = folder.assetcatalog; path = Assets.xcassets; sourceTree = "<group>"; };
		37F818A72A02255200929C96 /* Base */ = {isa = PBXFileReference; lastKnownFileType = file.storyboard; name = Base; path = Base.lproj/LaunchScreen.storyboard; sourceTree = "<group>"; };
		37F818A92A02255200929C96 /* Info.plist */ = {isa = PBXFileReference; lastKnownFileType = text.plist.xml; path = Info.plist; sourceTree = "<group>"; };
		37F818AF2A02265400929C96 /* Constants.swift */ = {isa = PBXFileReference; lastKnownFileType = sourcecode.swift; path = Constants.swift; sourceTree = "<group>"; };
		37F818B12A022B8700929C96 /* Video.swift */ = {isa = PBXFileReference; lastKnownFileType = sourcecode.swift; path = Video.swift; sourceTree = "<group>"; };
		37F818B32A022C0700929C96 /* Model.swift */ = {isa = PBXFileReference; lastKnownFileType = sourcecode.swift; path = Model.swift; sourceTree = "<group>"; };
		37F818B52A02357900929C96 /* ConstantsTemplate.swift */ = {isa = PBXFileReference; lastKnownFileType = sourcecode.swift; path = ConstantsTemplate.swift; sourceTree = "<group>"; };
/* End PBXFileReference section */

/* Begin PBXFrameworksBuildPhase section */
		37F818952A02255000929C96 /* Frameworks */ = {
			isa = PBXFrameworksBuildPhase;
			buildActionMask = 2147483647;
			files = (
			);
			runOnlyForDeploymentPostprocessing = 0;
		};
/* End PBXFrameworksBuildPhase section */

/* Begin PBXGroup section */
		3773F15A2A03333C00E76DDD /* ViewControllers */ = {
			isa = PBXGroup;
			children = (
				37F8189F2A02255000929C96 /* ViewController.swift */,
				3773F1612A034F1800E76DDD /* DetailViewController.swift */,
			);
			path = ViewControllers;
			sourceTree = "<group>";
		};
		3773F15B2A03335C00E76DDD /* Views */ = {
			isa = PBXGroup;
			children = (
				3773F1582A03331900E76DDD /* VideoTableViewCell.swift */,
			);
			path = Views;
			sourceTree = "<group>";
		};
		3773F15C2A03336800E76DDD /* Models */ = {
			isa = PBXGroup;
			children = (
				375FC9E32A02EAB80053068B /* Response.swift */,
				37F818B12A022B8700929C96 /* Video.swift */,
				37F818B32A022C0700929C96 /* Model.swift */,
			);
			path = Models;
			sourceTree = "<group>";
		};
		3773F15D2A03337600E76DDD /* Storyboards */ = {
			isa = PBXGroup;
			children = (
				37F818A12A02255000929C96 /* Main.storyboard */,
				37F818A62A02255200929C96 /* LaunchScreen.storyboard */,
			);
			path = Storyboards;
			sourceTree = "<group>";
		};
		3773F15E2A03338800E76DDD /* Helpers */ = {
			isa = PBXGroup;
			children = (
				37F818AF2A02265400929C96 /* Constants.swift */,
				37F818B52A02357900929C96 /* ConstantsTemplate.swift */,
				3773F15F2A03405C00E76DDD /* CacheManager.swift */,
			);
			path = Helpers;
			sourceTree = "<group>";
		};
		37F8188F2A02255000929C96 = {
			isa = PBXGroup;
			children = (
				37F8189A2A02255000929C96 /* youtube-demo */,
				37F818992A02255000929C96 /* Products */,
			);
			sourceTree = "<group>";
		};
		37F818992A02255000929C96 /* Products */ = {
			isa = PBXGroup;
			children = (
				37F818982A02255000929C96 /* youtube-demo.app */,
			);
			name = Products;
			sourceTree = "<group>";
		};
		37F8189A2A02255000929C96 /* youtube-demo */ = {
			isa = PBXGroup;
			children = (
				3773F15E2A03338800E76DDD /* Helpers */,
				3773F15D2A03337600E76DDD /* Storyboards */,
				3773F15C2A03336800E76DDD /* Models */,
				3773F15B2A03335C00E76DDD /* Views */,
				3773F15A2A03333C00E76DDD /* ViewControllers */,
				37F8189B2A02255000929C96 /* AppDelegate.swift */,
				37F8189D2A02255000929C96 /* SceneDelegate.swift */,
				37F818A42A02255200929C96 /* Assets.xcassets */,
				37F818A92A02255200929C96 /* Info.plist */,
			);
			path = "youtube-demo";
			sourceTree = "<group>";
		};
/* End PBXGroup section */

/* Begin PBXNativeTarget section */
		37F818972A02255000929C96 /* youtube-demo */ = {
			isa = PBXNativeTarget;
			buildConfigurationList = 37F818AC2A02255200929C96 /* Build configuration list for PBXNativeTarget "youtube-demo" */;
			buildPhases = (
				37F818942A02255000929C96 /* Sources */,
				37F818952A02255000929C96 /* Frameworks */,
				37F818962A02255000929C96 /* Resources */,
			);
			buildRules = (
			);
			dependencies = (
			);
			name = "youtube-demo";
			productName = "youtube-demo";
			productReference = 37F818982A02255000929C96 /* youtube-demo.app */;
			productType = "com.apple.product-type.application";
		};
/* End PBXNativeTarget section */

/* Begin PBXProject section */
		37F818902A02255000929C96 /* Project object */ = {
			isa = PBXProject;
			attributes = {
				BuildIndependentTargetsInParallel = 1;
				LastSwiftUpdateCheck = 1400;
				LastUpgradeCheck = 1400;
				TargetAttributes = {
					37F818972A02255000929C96 = {
						CreatedOnToolsVersion = 14.0.1;
					};
				};
			};
			buildConfigurationList = 37F818932A02255000929C96 /* Build configuration list for PBXProject "youtube-demo" */;
			compatibilityVersion = "Xcode 14.0";
			developmentRegion = en;
			hasScannedForEncodings = 0;
			knownRegions = (
				en,
				Base,
			);
			mainGroup = 37F8188F2A02255000929C96;
			productRefGroup = 37F818992A02255000929C96 /* Products */;
			projectDirPath = "";
			projectRoot = "";
			targets = (
				37F818972A02255000929C96 /* youtube-demo */,
			);
		};
/* End PBXProject section */

/* Begin PBXResourcesBuildPhase section */
		37F818962A02255000929C96 /* Resources */ = {
			isa = PBXResourcesBuildPhase;
			buildActionMask = 2147483647;
			files = (
				37F818A82A02255200929C96 /* LaunchScreen.storyboard in Resources */,
				37F818A52A02255200929C96 /* Assets.xcassets in Resources */,
				37F818A32A02255000929C96 /* Main.storyboard in Resources */,
			);
			runOnlyForDeploymentPostprocessing = 0;
		};
/* End PBXResourcesBuildPhase section */

/* Begin PBXSourcesBuildPhase section */
		37F818942A02255000929C96 /* Sources */ = {
			isa = PBXSourcesBuildPhase;
			buildActionMask = 2147483647;
			files = (
				3773F1622A034F1800E76DDD /* DetailViewController.swift in Sources */,
				375FC9E42A02EAB80053068B /* Response.swift in Sources */,
				37F818B62A02357900929C96 /* ConstantsTemplate.swift in Sources */,
				37F818A02A02255000929C96 /* ViewController.swift in Sources */,
				37F8189C2A02255000929C96 /* AppDelegate.swift in Sources */,
				37F8189E2A02255000929C96 /* SceneDelegate.swift in Sources */,
				37F818B42A022C0700929C96 /* Model.swift in Sources */,
				3773F1602A03405C00E76DDD /* CacheManager.swift in Sources */,
				37F818B02A02265400929C96 /* Constants.swift in Sources */,
				37F818B22A022B8700929C96 /* Video.swift in Sources */,
				3773F1592A03331900E76DDD /* VideoTableViewCell.swift in Sources */,
			);
			runOnlyForDeploymentPostprocessing = 0;
		};
/* End PBXSourcesBuildPhase section */

/* Begin PBXVariantGroup section */
		37F818A12A02255000929C96 /* Main.storyboard */ = {
			isa = PBXVariantGroup;
			children = (
				37F818A22A02255000929C96 /* Base */,
			);
			name = Main.storyboard;
			sourceTree = "<group>";
		};
		37F818A62A02255200929C96 /* LaunchScreen.storyboard */ = {
			isa = PBXVariantGroup;
			children = (
				37F818A72A02255200929C96 /* Base */,
			);
			name = LaunchScreen.storyboard;
			sourceTree = "<group>";
		};
/* End PBXVariantGroup section */

/* Begin XCBuildConfiguration section */
		37F818AA2A02255200929C96 /* Debug */ = {
			isa = XCBuildConfiguration;
			buildSettings = {
				ALWAYS_SEARCH_USER_PATHS = NO;
				CLANG_ANALYZER_NONNULL = YES;
				CLANG_ANALYZER_NUMBER_OBJECT_CONVERSION = YES_AGGRESSIVE;
				CLANG_CXX_LANGUAGE_STANDARD = "gnu++20";
				CLANG_ENABLE_MODULES = YES;
				CLANG_ENABLE_OBJC_ARC = YES;
				CLANG_ENABLE_OBJC_WEAK = YES;
				CLANG_WARN_BLOCK_CAPTURE_AUTORELEASING = YES;
				CLANG_WARN_BOOL_CONVERSION = YES;
				CLANG_WARN_COMMA = YES;
				CLANG_WARN_CONSTANT_CONVERSION = YES;
				CLANG_WARN_DEPRECATED_OBJC_IMPLEMENTATIONS = YES;
				CLANG_WARN_DIRECT_OBJC_ISA_USAGE = YES_ERROR;
				CLANG_WARN_DOCUMENTATION_COMMENTS = YES;
				CLANG_WARN_EMPTY_BODY = YES;
				CLANG_WARN_ENUM_CONVERSION = YES;
				CLANG_WARN_INFINITE_RECURSION = YES;
				CLANG_WARN_INT_CONVERSION = YES;
				CLANG_WARN_NON_LITERAL_NULL_CONVERSION = YES;
				CLANG_WARN_OBJC_IMPLICIT_RETAIN_SELF = YES;
				CLANG_WARN_OBJC_LITERAL_CONVERSION = YES;
				CLANG_WARN_OBJC_ROOT_CLASS = YES_ERROR;
				CLANG_WARN_QUOTED_INCLUDE_IN_FRAMEWORK_HEADER = YES;
				CLANG_WARN_RANGE_LOOP_ANALYSIS = YES;
				CLANG_WARN_STRICT_PROTOTYPES = YES;
				CLANG_WARN_SUSPICIOUS_MOVE = YES;
				CLANG_WARN_UNGUARDED_AVAILABILITY = YES_AGGRESSIVE;
				CLANG_WARN_UNREACHABLE_CODE = YES;
				CLANG_WARN__DUPLICATE_METHOD_MATCH = YES;
				COPY_PHASE_STRIP = NO;
				DEBUG_INFORMATION_FORMAT = dwarf;
				ENABLE_STRICT_OBJC_MSGSEND = YES;
				ENABLE_TESTABILITY = YES;
				GCC_C_LANGUAGE_STANDARD = gnu11;
				GCC_DYNAMIC_NO_PIC = NO;
				GCC_NO_COMMON_BLOCKS = YES;
				GCC_OPTIMIZATION_LEVEL = 0;
				GCC_PREPROCESSOR_DEFINITIONS = (
					"DEBUG=1",
					"$(inherited)",
				);
				GCC_WARN_64_TO_32_BIT_CONVERSION = YES;
				GCC_WARN_ABOUT_RETURN_TYPE = YES_ERROR;
				GCC_WARN_UNDECLARED_SELECTOR = YES;
				GCC_WARN_UNINITIALIZED_AUTOS = YES_AGGRESSIVE;
				GCC_WARN_UNUSED_FUNCTION = YES;
				GCC_WARN_UNUSED_VARIABLE = YES;
				IPHONEOS_DEPLOYMENT_TARGET = 16.0;
				MTL_ENABLE_DEBUG_INFO = INCLUDE_SOURCE;
				MTL_FAST_MATH = YES;
				ONLY_ACTIVE_ARCH = YES;
				SDKROOT = iphoneos;
				SWIFT_ACTIVE_COMPILATION_CONDITIONS = DEBUG;
				SWIFT_OPTIMIZATION_LEVEL = "-Onone";
			};
			name = Debug;
		};
		37F818AB2A02255200929C96 /* Release */ = {
			isa = XCBuildConfiguration;
			buildSettings = {
				ALWAYS_SEARCH_USER_PATHS = NO;
				CLANG_ANALYZER_NONNULL = YES;
				CLANG_ANALYZER_NUMBER_OBJECT_CONVERSION = YES_AGGRESSIVE;
				CLANG_CXX_LANGUAGE_STANDARD = "gnu++20";
				CLANG_ENABLE_MODULES = YES;
				CLANG_ENABLE_OBJC_ARC = YES;
				CLANG_ENABLE_OBJC_WEAK = YES;
				CLANG_WARN_BLOCK_CAPTURE_AUTORELEASING = YES;
				CLANG_WARN_BOOL_CONVERSION = YES;
				CLANG_WARN_COMMA = YES;
				CLANG_WARN_CONSTANT_CONVERSION = YES;
				CLANG_WARN_DEPRECATED_OBJC_IMPLEMENTATIONS = YES;
				CLANG_WARN_DIRECT_OBJC_ISA_USAGE = YES_ERROR;
				CLANG_WARN_DOCUMENTATION_COMMENTS = YES;
				CLANG_WARN_EMPTY_BODY = YES;
				CLANG_WARN_ENUM_CONVERSION = YES;
				CLANG_WARN_INFINITE_RECURSION = YES;
				CLANG_WARN_INT_CONVERSION = YES;
				CLANG_WARN_NON_LITERAL_NULL_CONVERSION = YES;
				CLANG_WARN_OBJC_IMPLICIT_RETAIN_SELF = YES;
				CLANG_WARN_OBJC_LITERAL_CONVERSION = YES;
				CLANG_WARN_OBJC_ROOT_CLASS = YES_ERROR;
				CLANG_WARN_QUOTED_INCLUDE_IN_FRAMEWORK_HEADER = YES;
				CLANG_WARN_RANGE_LOOP_ANALYSIS = YES;
				CLANG_WARN_STRICT_PROTOTYPES = YES;
				CLANG_WARN_SUSPICIOUS_MOVE = YES;
				CLANG_WARN_UNGUARDED_AVAILABILITY = YES_AGGRESSIVE;
				CLANG_WARN_UNREACHABLE_CODE = YES;
				CLANG_WARN__DUPLICATE_METHOD_MATCH = YES;
				COPY_PHASE_STRIP = NO;
				DEBUG_INFORMATION_FORMAT = "dwarf-with-dsym";
				ENABLE_NS_ASSERTIONS = NO;
				ENABLE_STRICT_OBJC_MSGSEND = YES;
				GCC_C_LANGUAGE_STANDARD = gnu11;
				GCC_NO_COMMON_BLOCKS = YES;
				GCC_WARN_64_TO_32_BIT_CONVERSION = YES;
				GCC_WARN_ABOUT_RETURN_TYPE = YES_ERROR;
				GCC_WARN_UNDECLARED_SELECTOR = YES;
				GCC_WARN_UNINITIALIZED_AUTOS = YES_AGGRESSIVE;
				GCC_WARN_UNUSED_FUNCTION = YES;
				GCC_WARN_UNUSED_VARIABLE = YES;
				IPHONEOS_DEPLOYMENT_TARGET = 16.0;
				MTL_ENABLE_DEBUG_INFO = NO;
				MTL_FAST_MATH = YES;
				SDKROOT = iphoneos;
				SWIFT_COMPILATION_MODE = wholemodule;
				SWIFT_OPTIMIZATION_LEVEL = "-O";
				VALIDATE_PRODUCT = YES;
			};
			name = Release;
		};
		37F818AD2A02255200929C96 /* Debug */ = {
			isa = XCBuildConfiguration;
			buildSettings = {
				ASSETCATALOG_COMPILER_APPICON_NAME = AppIcon;
				ASSETCATALOG_COMPILER_GLOBAL_ACCENT_COLOR_NAME = AccentColor;
				CODE_SIGN_STYLE = Automatic;
				CURRENT_PROJECT_VERSION = 1;
				GENERATE_INFOPLIST_FILE = YES;
				INFOPLIST_FILE = "youtube-demo/Info.plist";
				INFOPLIST_KEY_UIApplicationSupportsIndirectInputEvents = YES;
				INFOPLIST_KEY_UILaunchStoryboardName = LaunchScreen;
				INFOPLIST_KEY_UIMainStoryboardFile = Main;
				INFOPLIST_KEY_UISupportedInterfaceOrientations_iPad = "UIInterfaceOrientationPortrait UIInterfaceOrientationPortraitUpsideDown UIInterfaceOrientationLandscapeLeft UIInterfaceOrientationLandscapeRight";
				INFOPLIST_KEY_UISupportedInterfaceOrientations_iPhone = "UIInterfaceOrientationPortrait UIInterfaceOrientationLandscapeLeft UIInterfaceOrientationLandscapeRight";
				LD_RUNPATH_SEARCH_PATHS = (
					"$(inherited)",
					"@executable_path/Frameworks",
				);
				MARKETING_VERSION = 1.0;
				PRODUCT_BUNDLE_IDENTIFIER = "com.ivanbaltazar.mx.youtube-demo";
				PRODUCT_NAME = "$(TARGET_NAME)";
				SWIFT_EMIT_LOC_STRINGS = YES;
				SWIFT_VERSION = 5.0;
				TARGETED_DEVICE_FAMILY = "1,2";
			};
			name = Debug;
		};
		37F818AE2A02255200929C96 /* Release */ = {
			isa = XCBuildConfiguration;
			buildSettings = {
				ASSETCATALOG_COMPILER_APPICON_NAME = AppIcon;
				ASSETCATALOG_COMPILER_GLOBAL_ACCENT_COLOR_NAME = AccentColor;
				CODE_SIGN_STYLE = Automatic;
				CURRENT_PROJECT_VERSION = 1;
				GENERATE_INFOPLIST_FILE = YES;
				INFOPLIST_FILE = "youtube-demo/Info.plist";
				INFOPLIST_KEY_UIApplicationSupportsIndirectInputEvents = YES;
				INFOPLIST_KEY_UILaunchStoryboardName = LaunchScreen;
				INFOPLIST_KEY_UIMainStoryboardFile = Main;
				INFOPLIST_KEY_UISupportedInterfaceOrientations_iPad = "UIInterfaceOrientationPortrait UIInterfaceOrientationPortraitUpsideDown UIInterfaceOrientationLandscapeLeft UIInterfaceOrientationLandscapeRight";
				INFOPLIST_KEY_UISupportedInterfaceOrientations_iPhone = "UIInterfaceOrientationPortrait UIInterfaceOrientationLandscapeLeft UIInterfaceOrientationLandscapeRight";
				LD_RUNPATH_SEARCH_PATHS = (
					"$(inherited)",
					"@executable_path/Frameworks",
				);
				MARKETING_VERSION = 1.0;
				PRODUCT_BUNDLE_IDENTIFIER = "com.ivanbaltazar.mx.youtube-demo";
				PRODUCT_NAME = "$(TARGET_NAME)";
				SWIFT_EMIT_LOC_STRINGS = YES;
				SWIFT_VERSION = 5.0;
				TARGETED_DEVICE_FAMILY = "1,2";
			};
			name = Release;
		};
/* End XCBuildConfiguration section */

/* Begin XCConfigurationList section */
		37F818932A02255000929C96 /* Build configuration list for PBXProject "youtube-demo" */ = {
			isa = XCConfigurationList;
			buildConfigurations = (
				37F818AA2A02255200929C96 /* Debug */,
				37F818AB2A02255200929C96 /* Release */,
			);
			defaultConfigurationIsVisible = 0;
			defaultConfigurationName = Release;
		};
		37F818AC2A02255200929C96 /* Build configuration list for PBXNativeTarget "youtube-demo" */ = {
			isa = XCConfigurationList;
			buildConfigurations = (
				37F818AD2A02255200929C96 /* Debug */,
				37F818AE2A02255200929C96 /* Release */,
			);
			defaultConfigurationIsVisible = 0;
			defaultConfigurationName = Release;
		};
/* End XCConfigurationList section */
	};
	rootObject = 37F818902A02255000929C96 /* Project object */;
}
